
Microsoft Visual Studio Solution File, Format Version 12.00
# Visual Studio 14
VisualStudioVersion = 14.0.24720.0
MinimumVisualStudioVersion = 10.0.40219.1
Project("{2150E333-8FDC-42A3-9474-1A3956D46DE8}") = "ModConfigFiles", "ModConfigFiles", "{C35DF711-6766-4A1E-B3E5-F70DC7249524}"
	ProjectSection(SolutionItems) = preProject
		..\ModConfigFiles\AFK.json = ..\ModConfigFiles\AFK.json
		..\ModConfigFiles\AntiAdminAbuse.json = ..\ModConfigFiles\AntiAdminAbuse.json
		..\ModConfigFiles\AutoDoors.json = ..\ModConfigFiles\AutoDoors.json
		..\ModConfigFiles\BetterChat.json = ..\ModConfigFiles\BetterChat.json
		..\ModConfigFiles\chatmute.json = ..\ModConfigFiles\chatmute.json
		..\ModConfigFiles\DeathNotes.json = ..\ModConfigFiles\DeathNotes.json
		..\ModConfigFiles\EnhancedBanSystem.json = ..\ModConfigFiles\EnhancedBanSystem.json
		..\ModConfigFiles\EntityOwner.json = ..\ModConfigFiles\EntityOwner.json
		..\ModConfigFiles\EventManager.json = ..\ModConfigFiles\EventManager.json
		..\ModConfigFiles\GatherManager.json = ..\ModConfigFiles\GatherManager.json
		..\ModConfigFiles\helptext.json = ..\ModConfigFiles\helptext.json
		..\ModConfigFiles\InfoPanel.json = ..\ModConfigFiles\InfoPanel.json
		..\ModConfigFiles\Jail.json = ..\ModConfigFiles\Jail.json
		..\ModConfigFiles\LastManStanding.json = ..\ModConfigFiles\LastManStanding.json
		..\ModConfigFiles\LimitedSuicide.json = ..\ModConfigFiles\LimitedSuicide.json
		..\ModConfigFiles\NightLantern.json = ..\ModConfigFiles\NightLantern.json
		..\ModConfigFiles\notifier.json = ..\ModConfigFiles\notifier.json
		..\ModConfigFiles\Ping.json = ..\ModConfigFiles\Ping.json
		..\ModConfigFiles\PlayerInformations.json = ..\ModConfigFiles\PlayerInformations.json
		..\ModConfigFiles\PlayerManager.json = ..\ModConfigFiles\PlayerManager.json
		..\ModConfigFiles\Polling.json = ..\ModConfigFiles\Polling.json
		..\ModConfigFiles\PopupNotifications.json = ..\ModConfigFiles\PopupNotifications.json
		..\ModConfigFiles\QuickSmelt.json = ..\ModConfigFiles\QuickSmelt.json
		..\ModConfigFiles\RainOfFire.json = ..\ModConfigFiles\RainOfFire.json
		..\ModConfigFiles\Reserved.json = ..\ModConfigFiles\Reserved.json
		..\ModConfigFiles\RustIO.json = ..\ModConfigFiles\RustIO.json
		..\ModConfigFiles\SignArtist.json = ..\ModConfigFiles\SignArtist.json
		..\ModConfigFiles\StackSizeController.json = ..\ModConfigFiles\StackSizeController.json
		..\ModConfigFiles\TearUpBP.json = ..\ModConfigFiles\TearUpBP.json
		..\ModConfigFiles\TimeOfDay.json = ..\ModConfigFiles\TimeOfDay.json
		..\ModConfigFiles\ZLevelsRemastered.json = ..\ModConfigFiles\ZLevelsRemastered.json
		..\ModConfigFiles\ZoneManager.json = ..\ModConfigFiles\ZoneManager.json
	EndProjectSection
EndProject
Project("{2150E333-8FDC-42A3-9474-1A3956D46DE8}") = "ServerConfigFiles", "ServerConfigFiles", "{B59A4952-0EF4-4496-A0CD-6E1D1AE8807E}"
	ProjectSection(SolutionItems) = preProject
		..\ServerConfigFiles\server.cfg = ..\ServerConfigFiles\server.cfg
		..\ServerConfigFiles\users.cfg = ..\ServerConfigFiles\users.cfg
	EndProjectSection
EndProject
Project("{2150E333-8FDC-42A3-9474-1A3956D46DE8}") = "Solution Items", "Solution Items", "{807773EB-7D14-43B2-A79D-38984272FB8A}"
	ProjectSection(SolutionItems) = preProject
		DeploymentScript.ps1 = DeploymentScript.ps1
		Manifest.xml = Manifest.xml
		..\README.md = ..\README.md
	EndProjectSection
EndProject
Global
	GlobalSection(SolutionProperties) = preSolution
		HideSolutionNode = FALSE
	EndGlobalSection
EndGlobal
